// !$*UTF8*$!
{
	archiveVersion = 1;
	classes = {
	};
	objectVersion = 50;
	objects = {

/* Begin PBXBuildFile section */
		8AA4A6DC238C99DD0017433F /* PlayerController.swift in Sources */ = {isa = PBXBuildFile; fileRef = 8AA4A6DB238C99DD0017433F /* PlayerController.swift */; };
		8AD622D4238C523B00586953 /* AppDelegate.swift in Sources */ = {isa = PBXBuildFile; fileRef = 8AD622D3238C523B00586953 /* AppDelegate.swift */; };
		8AD622D9238C523B00586953 /* Main.storyboard in Resources */ = {isa = PBXBuildFile; fileRef = 8AD622D7238C523B00586953 /* Main.storyboard */; };
		8AD622DB238C523F00586953 /* Assets.xcassets in Resources */ = {isa = PBXBuildFile; fileRef = 8AD622DA238C523F00586953 /* Assets.xcassets */; };
		8AD622DE238C523F00586953 /* LaunchScreen.storyboard in Resources */ = {isa = PBXBuildFile; fileRef = 8AD622DC238C523F00586953 /* LaunchScreen.storyboard */; };
		8AD622E6238C543200586953 /* VideoListController.swift in Sources */ = {isa = PBXBuildFile; fileRef = 8AD622E5238C543200586953 /* VideoListController.swift */; };
/* End PBXBuildFile section */

/* Begin PBXFileReference section */
		8AA4A6DB238C99DD0017433F /* PlayerController.swift */ = {isa = PBXFileReference; lastKnownFileType = sourcecode.swift; path = PlayerController.swift; sourceTree = "<group>"; };
		8AD622D0238C523B00586953 /* Anime4K-tvOS.app */ = {isa = PBXFileReference; explicitFileType = wrapper.application; includeInIndex = 0; path = "Anime4K-tvOS.app"; sourceTree = BUILT_PRODUCTS_DIR; };
		8AD622D3238C523B00586953 /* AppDelegate.swift */ = {isa = PBXFileReference; lastKnownFileType = sourcecode.swift; path = AppDelegate.swift; sourceTree = "<group>"; };
		8AD622D8238C523B00586953 /* Base */ = {isa = PBXFileReference; lastKnownFileType = file.storyboard; name = Base; path = Base.lproj/Main.storyboard; sourceTree = "<group>"; };
		8AD622DA238C523F00586953 /* Assets.xcassets */ = {isa = PBXFileReference; lastKnownFileType = folder.assetcatalog; path = Assets.xcassets; sourceTree = "<group>"; };
		8AD622DD238C523F00586953 /* Base */ = {isa = PBXFileReference; lastKnownFileType = file.storyboard; name = Base; path = Base.lproj/LaunchScreen.storyboard; sourceTree = "<group>"; };
		8AD622DF238C523F00586953 /* Info.plist */ = {isa = PBXFileReference; lastKnownFileType = text.plist.xml; path = Info.plist; sourceTree = "<group>"; };
		8AD622E5238C543200586953 /* VideoListController.swift */ = {isa = PBXFileReference; lastKnownFileType = sourcecode.swift; path = VideoListController.swift; sourceTree = "<group>"; };
/* End PBXFileReference section */

/* Begin PBXFrameworksBuildPhase section */
		8AD622CD238C523B00586953 /* Frameworks */ = {
			isa = PBXFrameworksBuildPhase;
			buildActionMask = 2147483647;
			files = (
			);
			runOnlyForDeploymentPostprocessing = 0;
		};
/* End PBXFrameworksBuildPhase section */

/* Begin PBXGroup section */
		8AD622C7238C523B00586953 = {
			isa = PBXGroup;
			children = (
				8AD622D2238C523B00586953 /* Anime4K-tvOS */,
				8AD622D1238C523B00586953 /* Products */,
			);
			sourceTree = "<group>";
		};
		8AD622D1238C523B00586953 /* Products */ = {
			isa = PBXGroup;
			children = (
				8AD622D0238C523B00586953 /* Anime4K-tvOS.app */,
			);
			name = Products;
			sourceTree = "<group>";
		};
		8AD622D2238C523B00586953 /* Anime4K-tvOS */ = {
			isa = PBXGroup;
			children = (
				8AD622D3238C523B00586953 /* AppDelegate.swift */,
				8AD622D7238C523B00586953 /* Main.storyboard */,
				8AD622DA238C523F00586953 /* Assets.xcassets */,
				8AD622DC238C523F00586953 /* LaunchScreen.storyboard */,
				8AD622DF238C523F00586953 /* Info.plist */,
				8AD622E5238C543200586953 /* VideoListController.swift */,
				8AA4A6DB238C99DD0017433F /* PlayerController.swift */,
			);
			path = "Anime4K-tvOS";
			sourceTree = "<group>";
		};
/* End PBXGroup section */

/* Begin PBXNativeTarget section */
		8AD622CF238C523B00586953 /* Anime4K-tvOS */ = {
			isa = PBXNativeTarget;
			buildConfigurationList = 8AD622E2238C523F00586953 /* Build configuration list for PBXNativeTarget "Anime4K-tvOS" */;
			buildPhases = (
				8AD622CC238C523B00586953 /* Sources */,
				8AD622CD238C523B00586953 /* Frameworks */,
				8AD622CE238C523B00586953 /* Resources */,
			);
			buildRules = (
			);
			dependencies = (
			);
			name = "Anime4K-tvOS";
			productName = "Anime4K-tvOS";
			productReference = 8AD622D0238C523B00586953 /* Anime4K-tvOS.app */;
			productType = "com.apple.product-type.application";
		};
/* End PBXNativeTarget section */

/* Begin PBXProject section */
		8AD622C8238C523B00586953 /* Project object */ = {
			isa = PBXProject;
			attributes = {
				LastSwiftUpdateCheck = 1120;
				LastUpgradeCheck = 1120;
				ORGANIZATIONNAME = xieyi;
				TargetAttributes = {
					8AD622CF238C523B00586953 = {
						CreatedOnToolsVersion = 11.2.1;
					};
				};
			};
			buildConfigurationList = 8AD622CB238C523B00586953 /* Build configuration list for PBXProject "Anime4K-tvOS" */;
			compatibilityVersion = "Xcode 9.3";
			developmentRegion = en;
			hasScannedForEncodings = 0;
			knownRegions = (
				en,
				Base,
			);
			mainGroup = 8AD622C7238C523B00586953;
			productRefGroup = 8AD622D1238C523B00586953 /* Products */;
			projectDirPath = "";
			projectRoot = "";
			targets = (
				8AD622CF238C523B00586953 /* Anime4K-tvOS */,
			);
		};
/* End PBXProject section */

/* Begin PBXResourcesBuildPhase section */
		8AD622CE238C523B00586953 /* Resources */ = {
			isa = PBXResourcesBuildPhase;
			buildActionMask = 2147483647;
			files = (
				8AD622DE238C523F00586953 /* LaunchScreen.storyboard in Resources */,
				8AD622DB238C523F00586953 /* Assets.xcassets in Resources */,
				8AD622D9238C523B00586953 /* Main.storyboard in Resources */,
			);
			runOnlyForDeploymentPostprocessing = 0;
		};
/* End PBXResourcesBuildPhase section */

/* Begin PBXSourcesBuildPhase section */
		8AD622CC238C523B00586953 /* Sources */ = {
			isa = PBXSourcesBuildPhase;
			buildActionMask = 2147483647;
			files = (
				8AD622D4238C523B00586953 /* AppDelegate.swift in Sources */,
				8AD622E6238C543200586953 /* VideoListController.swift in Sources */,
				8AA4A6DC238C99DD0017433F /* PlayerController.swift in Sources */,
			);
			runOnlyForDeploymentPostprocessing = 0;
		};
/* End PBXSourcesBuildPhase section */

/* Begin PBXVariantGroup section */
		8AD622D7238C523B00586953 /* Main.storyboard */ = {
			isa = PBXVariantGroup;
			children = (
				8AD622D8238C523B00586953 /* Base */,
			);
			name = Main.storyboard;
			sourceTree = "<group>";
		};
		8AD622DC238C523F00586953 /* LaunchScreen.storyboard */ = {
			isa = PBXVariantGroup;
			children = (
				8AD622DD238C523F00586953 /* Base */,
			);
			name = LaunchScreen.storyboard;
			sourceTree = "<group>";
		};
/* End PBXVariantGroup section */

/* Begin XCBuildConfiguration section */
		8AD622E0238C523F00586953 /* Debug */ = {
			isa = XCBuildConfiguration;
			buildSettings = {
				ALWAYS_SEARCH_USER_PATHS = NO;
				CLANG_ANALYZER_NONNULL = YES;
				CLANG_ANALYZER_NUMBER_OBJECT_CONVERSION = YES_AGGRESSIVE;
				CLANG_CXX_LANGUAGE_STANDARD = "gnu++14";
				CLANG_CXX_LIBRARY = "libc++";
				CLANG_ENABLE_MODULES = YES;
				CLANG_ENABLE_OBJC_ARC = YES;
				CLANG_ENABLE_OBJC_WEAK = YES;
				CLANG_WARN_BLOCK_CAPTURE_AUTORELEASING = YES;
				CLANG_WARN_BOOL_CONVERSION = YES;
				CLANG_WARN_COMMA = YES;
				CLANG_WARN_CONSTANT_CONVERSION = YES;
				CLANG_WARN_DEPRECATED_OBJC_IMPLEMENTATIONS = YES;
				CLANG_WARN_DIRECT_OBJC_ISA_USAGE = YES_ERROR;
				CLANG_WARN_DOCUMENTATION_COMMENTS = YES;
				CLANG_WARN_EMPTY_BODY = YES;
				CLANG_WARN_ENUM_CONVERSION = YES;
				CLANG_WARN_INFINITE_RECURSION = YES;
				CLANG_WARN_INT_CONVERSION = YES;
				CLANG_WARN_NON_LITERAL_NULL_CONVERSION = YES;
				CLANG_WARN_OBJC_IMPLICIT_RETAIN_SELF = YES;
				CLANG_WARN_OBJC_LITERAL_CONVERSION = YES;
				CLANG_WARN_OBJC_ROOT_CLASS = YES_ERROR;
				CLANG_WARN_RANGE_LOOP_ANALYSIS = YES;
				CLANG_WARN_STRICT_PROTOTYPES = YES;
				CLANG_WARN_SUSPICIOUS_MOVE = YES;
				CLANG_WARN_UNGUARDED_AVAILABILITY = YES_AGGRESSIVE;
				CLANG_WARN_UNREACHABLE_CODE = YES;
				CLANG_WARN__DUPLICATE_METHOD_MATCH = YES;
				COPY_PHASE_STRIP = NO;
				DEBUG_INFORMATION_FORMAT = dwarf;
				ENABLE_STRICT_OBJC_MSGSEND = YES;
				ENABLE_TESTABILITY = YES;
				GCC_C_LANGUAGE_STANDARD = gnu11;
				GCC_DYNAMIC_NO_PIC = NO;
				GCC_NO_COMMON_BLOCKS = YES;
				GCC_OPTIMIZATION_LEVEL = 0;
				GCC_PREPROCESSOR_DEFINITIONS = (
					"DEBUG=1",
					"$(inherited)",
				);
				GCC_WARN_64_TO_32_BIT_CONVERSION = YES;
				GCC_WARN_ABOUT_RETURN_TYPE = YES_ERROR;
				GCC_WARN_UNDECLARED_SELECTOR = YES;
				GCC_WARN_UNINITIALIZED_AUTOS = YES_AGGRESSIVE;
				GCC_WARN_UNUSED_FUNCTION = YES;
				GCC_WARN_UNUSED_VARIABLE = YES;
				MTL_ENABLE_DEBUG_INFO = INCLUDE_SOURCE;
				MTL_FAST_MATH = YES;
				ONLY_ACTIVE_ARCH = YES;
				SDKROOT = appletvos;
				SWIFT_ACTIVE_COMPILATION_CONDITIONS = DEBUG;
				SWIFT_OPTIMIZATION_LEVEL = "-Onone";
				TVOS_DEPLOYMENT_TARGET = 13.2;
			};
			name = Debug;
		};
		8AD622E1238C523F00586953 /* Release */ = {
			isa = XCBuildConfiguration;
			buildSettings = {
				ALWAYS_SEARCH_USER_PATHS = NO;
				CLANG_ANALYZER_NONNULL = YES;
				CLANG_ANALYZER_NUMBER_OBJECT_CONVERSION = YES_AGGRESSIVE;
				CLANG_CXX_LANGUAGE_STANDARD = "gnu++14";
				CLANG_CXX_LIBRARY = "libc++";
				CLANG_ENABLE_MODULES = YES;
				CLANG_ENABLE_OBJC_ARC = YES;
				CLANG_ENABLE_OBJC_WEAK = YES;
				CLANG_WARN_BLOCK_CAPTURE_AUTORELEASING = YES;
				CLANG_WARN_BOOL_CONVERSION = YES;
				CLANG_WARN_COMMA = YES;
				CLANG_WARN_CONSTANT_CONVERSION = YES;
				CLANG_WARN_DEPRECATED_OBJC_IMPLEMENTATIONS = YES;
				CLANG_WARN_DIRECT_OBJC_ISA_USAGE = YES_ERROR;
				CLANG_WARN_DOCUMENTATION_COMMENTS = YES;
				CLANG_WARN_EMPTY_BODY = YES;
				CLANG_WARN_ENUM_CONVERSION = YES;
				CLANG_WARN_INFINITE_RECURSION = YES;
				CLANG_WARN_INT_CONVERSION = YES;
				CLANG_WARN_NON_LITERAL_NULL_CONVERSION = YES;
				CLANG_WARN_OBJC_IMPLICIT_RETAIN_SELF = YES;
				CLANG_WARN_OBJC_LITERAL_CONVERSION = YES;
				CLANG_WARN_OBJC_ROOT_CLASS = YES_ERROR;
				CLANG_WARN_RANGE_LOOP_ANALYSIS = YES;
				CLANG_WARN_STRICT_PROTOTYPES = YES;
				CLANG_WARN_SUSPICIOUS_MOVE = YES;
				CLANG_WARN_UNGUARDED_AVAILABILITY = YES_AGGRESSIVE;
				CLANG_WARN_UNREACHABLE_CODE = YES;
				CLANG_WARN__DUPLICATE_METHOD_MATCH = YES;
				COPY_PHASE_STRIP = NO;
				DEBUG_INFORMATION_FORMAT = "dwarf-with-dsym";
				ENABLE_NS_ASSERTIONS = NO;
				ENABLE_STRICT_OBJC_MSGSEND = YES;
				GCC_C_LANGUAGE_STANDARD = gnu11;
				GCC_NO_COMMON_BLOCKS = YES;
				GCC_WARN_64_TO_32_BIT_CONVERSION = YES;
				GCC_WARN_ABOUT_RETURN_TYPE = YES_ERROR;
				GCC_WARN_UNDECLARED_SELECTOR = YES;
				GCC_WARN_UNINITIALIZED_AUTOS = YES_AGGRESSIVE;
				GCC_WARN_UNUSED_FUNCTION = YES;
				GCC_WARN_UNUSED_VARIABLE = YES;
				MTL_ENABLE_DEBUG_INFO = NO;
				MTL_FAST_MATH = YES;
				SDKROOT = appletvos;
				SWIFT_COMPILATION_MODE = wholemodule;
				SWIFT_OPTIMIZATION_LEVEL = "-O";
				TVOS_DEPLOYMENT_TARGET = 13.2;
				VALIDATE_PRODUCT = YES;
			};
			name = Release;
		};
		8AD622E3238C523F00586953 /* Debug */ = {
			isa = XCBuildConfiguration;
			buildSettings = {
				CODE_SIGN_STYLE = Automatic;
				DEVELOPMENT_TEAM = 34A2STWT5M;
				INFOPLIST_FILE = "Anime4K-tvOS/Info.plist";
				LD_RUNPATH_SEARCH_PATHS = (
					"$(inherited)",
					"@executable_path/Frameworks",
				);
				PRODUCT_BUNDLE_IDENTIFIER = "com.xieyi.Anime4K-tvOS";
				PRODUCT_NAME = "$(TARGET_NAME)";
				SWIFT_VERSION = 5.0;
				TARGETED_DEVICE_FAMILY = 3;
			};
			name = Debug;
		};
		8AD622E4238C523F00586953 /* Release */ = {
			isa = XCBuildConfiguration;
			buildSettings = {
				CODE_SIGN_STYLE = Automatic;
				DEVELOPMENT_TEAM = 34A2STWT5M;
				INFOPLIST_FILE = "Anime4K-tvOS/Info.plist";
				LD_RUNPATH_SEARCH_PATHS = (
					"$(inherited)",
					"@executable_path/Frameworks",
				);
				PRODUCT_BUNDLE_IDENTIFIER = "com.xieyi.Anime4K-tvOS";
				PRODUCT_NAME = "$(TARGET_NAME)";
				SWIFT_VERSION = 5.0;
				TARGETED_DEVICE_FAMILY = 3;
			};
			name = Release;
		};
/* End XCBuildConfiguration section */

/* Begin XCConfigurationList section */
		8AD622CB238C523B00586953 /* Build configuration list for PBXProject "Anime4K-tvOS" */ = {
			isa = XCConfigurationList;
			buildConfigurations = (
				8AD622E0238C523F00586953 /* Debug */,
				8AD622E1238C523F00586953 /* Release */,
			);
			defaultConfigurationIsVisible = 0;
			defaultConfigurationName = Release;
		};
		8AD622E2238C523F00586953 /* Build configuration list for PBXNativeTarget "Anime4K-tvOS" */ = {
			isa = XCConfigurationList;
			buildConfigurations = (
				8AD622E3238C523F00586953 /* Debug */,
				8AD622E4238C523F00586953 /* Release */,
			);
			defaultConfigurationIsVisible = 0;
			defaultConfigurationName = Release;
		};
/* End XCConfigurationList section */
	};
	rootObject = 8AD622C8238C523B00586953 /* Project object */;
}
